{
  "name": "crispy-player",
  "lockfileVersion": 2,
  "requires": true,
  "packages": {
    "": {
      "dependencies": {
        "node-mpv": "^2.0.0-beta.2"
      }
    },
    "node_modules/node-mpv": {
      "version": "2.0.0-beta.2",
      "resolved": "https://registry.npmjs.org/node-mpv/-/node-mpv-2.0.0-beta.2.tgz",
      "integrity": "sha512-jf1InAB6tSXYlLs53DSw7ZEGCAhuWibILMF8GU6FmX6jXvkScLfGa9B7nmrIidG8euDpi3hdnUht0PqrHlAbXA=="
    }
  },
  "dependencies": {
    "node-mpv": {
      "version": "2.0.0-beta.2",
      "resolved": "https://registry.npmjs.org/node-mpv/-/node-mpv-2.0.0-beta.2.tgz",
      "integrity": "sha512-jf1InAB6tSXYlLs53DSw7ZEGCAhuWibILMF8GU6FmX6jXvkScLfGa9B7nmrIidG8euDpi3hdnUht0PqrHlAbXA=="
    }
  }
}
